
Microsoft Visual Studio Solution File, Format Version 12.00
# Visual Studio Version 17
VisualStudioVersion = 17.5.002.0
MinimumVisualStudioVersion = 10.0.40219.1
Project("{9A19103F-16F7-4668-BE54-9A1E7A4F7556}") = "BlogApi", "BlogApi.csproj", "{8A690573-35D6-41E9-A8A1-788F87DA2AB0}"
EndProject
Global
	GlobalSection(SolutionConfigurationPlatforms) = preSolution
		Debug|Any CPU = Debug|Any CPU
		Release|Any CPU = Release|Any CPU
	EndGlobalSection
	GlobalSection(ProjectConfigurationPlatforms) = postSolution
		{8A690573-35D6-41E9-A8A1-788F87DA2AB0}.Debug|Any CPU.ActiveCfg = Debug|Any CPU
		{8A690573-35D6-41E9-A8A1-788F87DA2AB0}.Debug|Any CPU.Build.0 = Debug|Any CPU
		{8A690573-35D6-41E9-A8A1-788F87DA2AB0}.Release|Any CPU.ActiveCfg = Release|Any CPU
		{8A690573-35D6-41E9-A8A1-788F87DA2AB0}.Release|Any CPU.Build.0 = Release|Any CPU
	EndGlobalSection
	GlobalSection(SolutionProperties) = preSolution
		HideSolutionNode = FALSE
	EndGlobalSection
	GlobalSection(ExtensibilityGlobals) = postSolution
		SolutionGuid = {E6BDC18D-66C9-4C54-8332-0C5166180D75}
	EndGlobalSection
EndGlobal
